// !$*UTF8*$!
{
	archiveVersion = 1;
	classes = {
	};
	objectVersion = 52;
	objects = {

/* Begin PBXBuildFile section */
		9B1437F7288453BC00AA57A0 /* GoogleSignIn in Frameworks */ = {isa = PBXBuildFile; productRef = 9B1437F6288453BC00AA57A0 /* GoogleSignIn */; };
		9B1437F9288472B100AA57A0 /* UIApplication+Extension.swift in Sources */ = {isa = PBXBuildFile; fileRef = 9B1437F8288472B100AA57A0 /* UIApplication+Extension.swift */; };
		9B1437FD288481F400AA57A0 /* StorageService.swift in Sources */ = {isa = PBXBuildFile; fileRef = 9B1437FC288481F400AA57A0 /* StorageService.swift */; };
		9B1437FF28848CAF00AA57A0 /* UIImage+Extension.swift in Sources */ = {isa = PBXBuildFile; fileRef = 9B1437FE28848CAF00AA57A0 /* UIImage+Extension.swift */; };
		9B32097D2881806E00D657BF /* UserError.swift in Sources */ = {isa = PBXBuildFile; fileRef = 9B32097C2881806E00D657BF /* UserError.swift */; };
		9B435895287DE0B30037C8D1 /* UserCollectionViewCell.swift in Sources */ = {isa = PBXBuildFile; fileRef = 9B435894287DE0B30037C8D1 /* UserCollectionViewCell.swift */; };
		9B435897287DE3710037C8D1 /* UIViewController+Extension.swift in Sources */ = {isa = PBXBuildFile; fileRef = 9B435896287DE3710037C8D1 /* UIViewController+Extension.swift */; };
		9B54CFAA2875F779002D0B30 /* AppDelegate.swift in Sources */ = {isa = PBXBuildFile; fileRef = 9B54CFA92875F779002D0B30 /* AppDelegate.swift */; };
		9B54CFAC2875F779002D0B30 /* SceneDelegate.swift in Sources */ = {isa = PBXBuildFile; fileRef = 9B54CFAB2875F779002D0B30 /* SceneDelegate.swift */; };
		9B54CFAE2875F779002D0B30 /* AuthViewController.swift in Sources */ = {isa = PBXBuildFile; fileRef = 9B54CFAD2875F779002D0B30 /* AuthViewController.swift */; };
		9B54CFB32875F77A002D0B30 /* Assets.xcassets in Resources */ = {isa = PBXBuildFile; fileRef = 9B54CFB22875F77A002D0B30 /* Assets.xcassets */; };
		9B54CFB62875F77A002D0B30 /* LaunchScreen.storyboard in Resources */ = {isa = PBXBuildFile; fileRef = 9B54CFB42875F77A002D0B30 /* LaunchScreen.storyboard */; };
		9B54CFBE28760C9F002D0B30 /* UIButton+Extension.swift in Sources */ = {isa = PBXBuildFile; fileRef = 9B54CFBD28760C9F002D0B30 /* UIButton+Extension.swift */; };
		9B54CFC128761173002D0B30 /* UIFont+Extension.swift in Sources */ = {isa = PBXBuildFile; fileRef = 9B54CFC028761173002D0B30 /* UIFont+Extension.swift */; };
		9B568DBE287B37EE008A5777 /* Bundle+Decodable.swift in Sources */ = {isa = PBXBuildFile; fileRef = 9B568DBD287B37EE008A5777 /* Bundle+Decodable.swift */; };
		9B568DCD287B4FC3008A5777 /* ActiveChatCollectionViewCell.swift in Sources */ = {isa = PBXBuildFile; fileRef = 9B568DCC287B4FC3008A5777 /* ActiveChatCollectionViewCell.swift */; };
		9B649E46288C726200872F97 /* Screenshot10.png in Resources */ = {isa = PBXBuildFile; fileRef = 9B649E3B288C726200872F97 /* Screenshot10.png */; };
		9B649E47288C726200872F97 /* Screenshot04.png in Resources */ = {isa = PBXBuildFile; fileRef = 9B649E3C288C726200872F97 /* Screenshot04.png */; };
		9B649E48288C726200872F97 /* Screenshot05.png in Resources */ = {isa = PBXBuildFile; fileRef = 9B649E3D288C726200872F97 /* Screenshot05.png */; };
		9B649E49288C726200872F97 /* Screenshot11.png in Resources */ = {isa = PBXBuildFile; fileRef = 9B649E3E288C726200872F97 /* Screenshot11.png */; };
		9B649E4A288C726200872F97 /* Screenshot07.png in Resources */ = {isa = PBXBuildFile; fileRef = 9B649E3F288C726200872F97 /* Screenshot07.png */; };
		9B649E4B288C726200872F97 /* Screenshot06.png in Resources */ = {isa = PBXBuildFile; fileRef = 9B649E40288C726200872F97 /* Screenshot06.png */; };
		9B649E4C288C726200872F97 /* Screenshot02.png in Resources */ = {isa = PBXBuildFile; fileRef = 9B649E41288C726200872F97 /* Screenshot02.png */; };
		9B649E4D288C726200872F97 /* Screenshot03.png in Resources */ = {isa = PBXBuildFile; fileRef = 9B649E42288C726200872F97 /* Screenshot03.png */; };
		9B649E4E288C726200872F97 /* Screenshot01.png in Resources */ = {isa = PBXBuildFile; fileRef = 9B649E43288C726200872F97 /* Screenshot01.png */; };
		9B649E4F288C726200872F97 /* Screenshot08.png in Resources */ = {isa = PBXBuildFile; fileRef = 9B649E44288C726200872F97 /* Screenshot08.png */; };
		9B649E50288C726200872F97 /* Screenshot09.png in Resources */ = {isa = PBXBuildFile; fileRef = 9B649E45288C726200872F97 /* Screenshot09.png */; };
		9B716B78287C92CE00BC8DE1 /* GradientView.swift in Sources */ = {isa = PBXBuildFile; fileRef = 9B716B77287C92CE00BC8DE1 /* GradientView.swift */; };
		9B716B7A287CA4CC00BC8DE1 /* WaitingChatCollectionViewCell.swift in Sources */ = {isa = PBXBuildFile; fileRef = 9B716B79287CA4CC00BC8DE1 /* WaitingChatCollectionViewCell.swift */; };
		9B716B7D287CA6EE00BC8DE1 /* SelfConfiguringCell.swift in Sources */ = {isa = PBXBuildFile; fileRef = 9B716B7C287CA6EE00BC8DE1 /* SelfConfiguringCell.swift */; };
		9B716B7F287CADC800BC8DE1 /* SectionHeader.swift in Sources */ = {isa = PBXBuildFile; fileRef = 9B716B7E287CADC800BC8DE1 /* SectionHeader.swift */; };
		9B765A002885A8D300F2963D /* ListenerService.swift in Sources */ = {isa = PBXBuildFile; fileRef = 9B7659FF2885A8D300F2963D /* ListenerService.swift */; };
		9B765A062885C73100F2963D /* FirebaseAnalytics in Frameworks */ = {isa = PBXBuildFile; productRef = 9B765A052885C73100F2963D /* FirebaseAnalytics */; };
		9B765A082885C73100F2963D /* FirebaseStorage in Frameworks */ = {isa = PBXBuildFile; productRef = 9B765A072885C73100F2963D /* FirebaseStorage */; };
		9B765A0A2885C73100F2963D /* FirebaseAuth in Frameworks */ = {isa = PBXBuildFile; productRef = 9B765A092885C73100F2963D /* FirebaseAuth */; };
		9B765A0C2885C73100F2963D /* FirebaseFirestore in Frameworks */ = {isa = PBXBuildFile; productRef = 9B765A0B2885C73100F2963D /* FirebaseFirestore */; };
		9B765A122885CBD300F2963D /* Kingfisher in Frameworks */ = {isa = PBXBuildFile; productRef = 9B765A112885CBD300F2963D /* Kingfisher */; };
		9B765A142885DF6400F2963D /* MMessage.swift in Sources */ = {isa = PBXBuildFile; fileRef = 9B765A132885DF6400F2963D /* MMessage.swift */; };
		9B7A784E2879EA10006D9C5F /* UISegmentedControl+Extension.swift in Sources */ = {isa = PBXBuildFile; fileRef = 9B7A784D2879EA10006D9C5F /* UISegmentedControl+Extension.swift */; };
		9B7A78522879FB81006D9C5F /* ListViewController.swift in Sources */ = {isa = PBXBuildFile; fileRef = 9B7A78512879FB81006D9C5F /* ListViewController.swift */; };
		9B7A78542879FC01006D9C5F /* MainTabBarController.swift in Sources */ = {isa = PBXBuildFile; fileRef = 9B7A78532879FC01006D9C5F /* MainTabBarController.swift */; };
		9B7A78562879FC7E006D9C5F /* PeopleViewController.swift in Sources */ = {isa = PBXBuildFile; fileRef = 9B7A78552879FC7E006D9C5F /* PeopleViewController.swift */; };
		9B833E59287D9C15004F6E98 /* MChat.swift in Sources */ = {isa = PBXBuildFile; fileRef = 9B833E58287D9C15004F6E98 /* MChat.swift */; };
		9B833E5B287D9C43004F6E98 /* MUser.swift in Sources */ = {isa = PBXBuildFile; fileRef = 9B833E5A287D9C43004F6E98 /* MUser.swift */; };
		9B90122528789FC000039D2B /* LoginViewController.swift in Sources */ = {isa = PBXBuildFile; fileRef = 9B90122428789FC000039D2B /* LoginViewController.swift */; };
		9B9012272878B12300039D2B /* SetupProfileViewController.swift in Sources */ = {isa = PBXBuildFile; fileRef = 9B9012262878B12300039D2B /* SetupProfileViewController.swift */; };
		9B9012292878BCEF00039D2B /* PhotoView.swift in Sources */ = {isa = PBXBuildFile; fileRef = 9B9012282878BCEF00039D2B /* PhotoView.swift */; };
		9B90B9252886C075000CAB10 /* WaitingChatNavigation.swift in Sources */ = {isa = PBXBuildFile; fileRef = 9B90B9242886C075000CAB10 /* WaitingChatNavigation.swift */; };
		9B90B928288741CD000CAB10 /* MessageKit in Frameworks */ = {isa = PBXBuildFile; productRef = 9B90B927288741CD000CAB10 /* MessageKit */; };
		9B90B92A288742C3000CAB10 /* ChatsViewController.swift in Sources */ = {isa = PBXBuildFile; fileRef = 9B90B929288742C3000CAB10 /* ChatsViewController.swift */; };
		9B98951428771841008BA3F7 /* UILabel+Extension.swift in Sources */ = {isa = PBXBuildFile; fileRef = 9B98951328771841008BA3F7 /* UILabel+Extension.swift */; };
		9B989516287719F9008BA3F7 /* UIImageView+Extension.swift in Sources */ = {isa = PBXBuildFile; fileRef = 9B989515287719F9008BA3F7 /* UIImageView+Extension.swift */; };
		9B98951828771EA4008BA3F7 /* ButtonLabelView.swift in Sources */ = {isa = PBXBuildFile; fileRef = 9B98951728771EA4008BA3F7 /* ButtonLabelView.swift */; };
		9B98951A2877373D008BA3F7 /* UIStackView+Extension.swift in Sources */ = {isa = PBXBuildFile; fileRef = 9B9895192877373D008BA3F7 /* UIStackView+Extension.swift */; };
		9B98951C28775453008BA3F7 /* SignUpViewController.swift in Sources */ = {isa = PBXBuildFile; fileRef = 9B98951B28775453008BA3F7 /* SignUpViewController.swift */; };
		9B98951F287759E5008BA3F7 /* OneLineTextField.swift in Sources */ = {isa = PBXBuildFile; fileRef = 9B98951E287759E5008BA3F7 /* OneLineTextField.swift */; };
		9B9FC4B9287F0AEB000396F0 /* ProfileViewController.swift in Sources */ = {isa = PBXBuildFile; fileRef = 9B9FC4B8287F0AEB000396F0 /* ProfileViewController.swift */; };
		9B9FC4BB287F194B000396F0 /* CustomTextField.swift in Sources */ = {isa = PBXBuildFile; fileRef = 9B9FC4BA287F194B000396F0 /* CustomTextField.swift */; };
		9B9FC4BD287F25B8000396F0 /* UIView+Extension.swift in Sources */ = {isa = PBXBuildFile; fileRef = 9B9FC4BC287F25B8000396F0 /* UIView+Extension.swift */; };
		9B9FC4BF287F4D6A000396F0 /* ChatRequestViewController.swift in Sources */ = {isa = PBXBuildFile; fileRef = 9B9FC4BE287F4D69000396F0 /* ChatRequestViewController.swift */; };
		9B9FC4C1287F6505000396F0 /* GoogleService-Info.plist in Resources */ = {isa = PBXBuildFile; fileRef = 9B9FC4C0287F6505000396F0 /* GoogleService-Info.plist */; };
		9BBF7F8C2880360B00698588 /* AuthService.swift in Sources */ = {isa = PBXBuildFile; fileRef = 9BBF7F8B2880360B00698588 /* AuthService.swift */; };
		9BBF7F8E288064F600698588 /* Validators.swift in Sources */ = {isa = PBXBuildFile; fileRef = 9BBF7F8D288064F600698588 /* Validators.swift */; };
		9BBF7F90288068AB00698588 /* AuthError.swift in Sources */ = {isa = PBXBuildFile; fileRef = 9BBF7F8F288068AB00698588 /* AuthError.swift */; };
		9BBF7F932880A44200698588 /* AuthNavDelegate.swift in Sources */ = {isa = PBXBuildFile; fileRef = 9BBF7F922880A44200698588 /* AuthNavDelegate.swift */; };
		9BBF7F952880A9BE00698588 /* FireStoreService.swift in Sources */ = {isa = PBXBuildFile; fileRef = 9BBF7F942880A9BE00698588 /* FireStoreService.swift */; };
		9BD61F9528886C5700550C11 /* UIScrollView+Extension.swift in Sources */ = {isa = PBXBuildFile; fileRef = 9BD61F9428886C5700550C11 /* UIScrollView+Extension.swift */; };
		9BD6887E288BF6EC00B5004D /* UIColor+Extension.swift in Sources */ = {isa = PBXBuildFile; fileRef = 9BD6887D288BF6EC00B5004D /* UIColor+Extension.swift */; };
/* End PBXBuildFile section */

/* Begin PBXFileReference section */
		9B1437F8288472B100AA57A0 /* UIApplication+Extension.swift */ = {isa = PBXFileReference; lastKnownFileType = sourcecode.swift; path = "UIApplication+Extension.swift"; sourceTree = "<group>"; };
		9B1437FC288481F400AA57A0 /* StorageService.swift */ = {isa = PBXFileReference; lastKnownFileType = sourcecode.swift; path = StorageService.swift; sourceTree = "<group>"; };
		9B1437FE28848CAF00AA57A0 /* UIImage+Extension.swift */ = {isa = PBXFileReference; lastKnownFileType = sourcecode.swift; path = "UIImage+Extension.swift"; sourceTree = "<group>"; };
		9B32097C2881806E00D657BF /* UserError.swift */ = {isa = PBXFileReference; lastKnownFileType = sourcecode.swift; path = UserError.swift; sourceTree = "<group>"; };
		9B435894287DE0B30037C8D1 /* UserCollectionViewCell.swift */ = {isa = PBXFileReference; lastKnownFileType = sourcecode.swift; path = UserCollectionViewCell.swift; sourceTree = "<group>"; };
		9B435896287DE3710037C8D1 /* UIViewController+Extension.swift */ = {isa = PBXFileReference; lastKnownFileType = sourcecode.swift; path = "UIViewController+Extension.swift"; sourceTree = "<group>"; };
		9B54CFA62875F779002D0B30 /* iChat.app */ = {isa = PBXFileReference; explicitFileType = wrapper.application; includeInIndex = 0; path = iChat.app; sourceTree = BUILT_PRODUCTS_DIR; };
		9B54CFA92875F779002D0B30 /* AppDelegate.swift */ = {isa = PBXFileReference; lastKnownFileType = sourcecode.swift; path = AppDelegate.swift; sourceTree = "<group>"; };
		9B54CFAB2875F779002D0B30 /* SceneDelegate.swift */ = {isa = PBXFileReference; lastKnownFileType = sourcecode.swift; path = SceneDelegate.swift; sourceTree = "<group>"; };
		9B54CFAD2875F779002D0B30 /* AuthViewController.swift */ = {isa = PBXFileReference; lastKnownFileType = sourcecode.swift; path = AuthViewController.swift; sourceTree = "<group>"; };
		9B54CFB22875F77A002D0B30 /* Assets.xcassets */ = {isa = PBXFileReference; lastKnownFileType = folder.assetcatalog; path = Assets.xcassets; sourceTree = "<group>"; };
		9B54CFB52875F77A002D0B30 /* Base */ = {isa = PBXFileReference; lastKnownFileType = file.storyboard; name = Base; path = Base.lproj/LaunchScreen.storyboard; sourceTree = "<group>"; };
		9B54CFB72875F77A002D0B30 /* Info.plist */ = {isa = PBXFileReference; lastKnownFileType = text.plist.xml; path = Info.plist; sourceTree = "<group>"; };
		9B54CFBD28760C9F002D0B30 /* UIButton+Extension.swift */ = {isa = PBXFileReference; lastKnownFileType = sourcecode.swift; path = "UIButton+Extension.swift"; sourceTree = "<group>"; };
		9B54CFC028761173002D0B30 /* UIFont+Extension.swift */ = {isa = PBXFileReference; lastKnownFileType = sourcecode.swift; path = "UIFont+Extension.swift"; sourceTree = "<group>"; };
		9B568DBD287B37EE008A5777 /* Bundle+Decodable.swift */ = {isa = PBXFileReference; lastKnownFileType = sourcecode.swift; path = "Bundle+Decodable.swift"; sourceTree = "<group>"; };
		9B568DCC287B4FC3008A5777 /* ActiveChatCollectionViewCell.swift */ = {isa = PBXFileReference; lastKnownFileType = sourcecode.swift; path = ActiveChatCollectionViewCell.swift; sourceTree = "<group>"; };
		9B649E3B288C726200872F97 /* Screenshot10.png */ = {isa = PBXFileReference; lastKnownFileType = image.png; path = Screenshot10.png; sourceTree = "<group>"; };
		9B649E3C288C726200872F97 /* Screenshot04.png */ = {isa = PBXFileReference; lastKnownFileType = image.png; path = Screenshot04.png; sourceTree = "<group>"; };
		9B649E3D288C726200872F97 /* Screenshot05.png */ = {isa = PBXFileReference; lastKnownFileType = image.png; path = Screenshot05.png; sourceTree = "<group>"; };
		9B649E3E288C726200872F97 /* Screenshot11.png */ = {isa = PBXFileReference; lastKnownFileType = image.png; path = Screenshot11.png; sourceTree = "<group>"; };
		9B649E3F288C726200872F97 /* Screenshot07.png */ = {isa = PBXFileReference; lastKnownFileType = image.png; path = Screenshot07.png; sourceTree = "<group>"; };
		9B649E40288C726200872F97 /* Screenshot06.png */ = {isa = PBXFileReference; lastKnownFileType = image.png; path = Screenshot06.png; sourceTree = "<group>"; };
		9B649E41288C726200872F97 /* Screenshot02.png */ = {isa = PBXFileReference; lastKnownFileType = image.png; path = Screenshot02.png; sourceTree = "<group>"; };
		9B649E42288C726200872F97 /* Screenshot03.png */ = {isa = PBXFileReference; lastKnownFileType = image.png; path = Screenshot03.png; sourceTree = "<group>"; };
		9B649E43288C726200872F97 /* Screenshot01.png */ = {isa = PBXFileReference; lastKnownFileType = image.png; path = Screenshot01.png; sourceTree = "<group>"; };
		9B649E44288C726200872F97 /* Screenshot08.png */ = {isa = PBXFileReference; lastKnownFileType = image.png; path = Screenshot08.png; sourceTree = "<group>"; };
		9B649E45288C726200872F97 /* Screenshot09.png */ = {isa = PBXFileReference; lastKnownFileType = image.png; path = Screenshot09.png; sourceTree = "<group>"; };
		9B716B77287C92CE00BC8DE1 /* GradientView.swift */ = {isa = PBXFileReference; lastKnownFileType = sourcecode.swift; path = GradientView.swift; sourceTree = "<group>"; };
		9B716B79287CA4CC00BC8DE1 /* WaitingChatCollectionViewCell.swift */ = {isa = PBXFileReference; lastKnownFileType = sourcecode.swift; path = WaitingChatCollectionViewCell.swift; sourceTree = "<group>"; };
		9B716B7C287CA6EE00BC8DE1 /* SelfConfiguringCell.swift */ = {isa = PBXFileReference; lastKnownFileType = sourcecode.swift; path = SelfConfiguringCell.swift; sourceTree = "<group>"; };
		9B716B7E287CADC800BC8DE1 /* SectionHeader.swift */ = {isa = PBXFileReference; lastKnownFileType = sourcecode.swift; path = SectionHeader.swift; sourceTree = "<group>"; };
		9B7659FF2885A8D300F2963D /* ListenerService.swift */ = {isa = PBXFileReference; lastKnownFileType = sourcecode.swift; path = ListenerService.swift; sourceTree = "<group>"; };
		9B765A132885DF6400F2963D /* MMessage.swift */ = {isa = PBXFileReference; lastKnownFileType = sourcecode.swift; path = MMessage.swift; sourceTree = "<group>"; };
		9B7A784D2879EA10006D9C5F /* UISegmentedControl+Extension.swift */ = {isa = PBXFileReference; lastKnownFileType = sourcecode.swift; path = "UISegmentedControl+Extension.swift"; sourceTree = "<group>"; };
		9B7A78512879FB81006D9C5F /* ListViewController.swift */ = {isa = PBXFileReference; lastKnownFileType = sourcecode.swift; path = ListViewController.swift; sourceTree = "<group>"; };
		9B7A78532879FC01006D9C5F /* MainTabBarController.swift */ = {isa = PBXFileReference; lastKnownFileType = sourcecode.swift; path = MainTabBarController.swift; sourceTree = "<group>"; };
		9B7A78552879FC7E006D9C5F /* PeopleViewController.swift */ = {isa = PBXFileReference; lastKnownFileType = sourcecode.swift; path = PeopleViewController.swift; sourceTree = "<group>"; };
		9B833E58287D9C15004F6E98 /* MChat.swift */ = {isa = PBXFileReference; lastKnownFileType = sourcecode.swift; path = MChat.swift; sourceTree = "<group>"; };
		9B833E5A287D9C43004F6E98 /* MUser.swift */ = {isa = PBXFileReference; lastKnownFileType = sourcecode.swift; path = MUser.swift; sourceTree = "<group>"; };
		9B90122428789FC000039D2B /* LoginViewController.swift */ = {isa = PBXFileReference; lastKnownFileType = sourcecode.swift; path = LoginViewController.swift; sourceTree = "<group>"; };
		9B9012262878B12300039D2B /* SetupProfileViewController.swift */ = {isa = PBXFileReference; lastKnownFileType = sourcecode.swift; path = SetupProfileViewController.swift; sourceTree = "<group>"; };
		9B9012282878BCEF00039D2B /* PhotoView.swift */ = {isa = PBXFileReference; lastKnownFileType = sourcecode.swift; path = PhotoView.swift; sourceTree = "<group>"; };
		9B90B9242886C075000CAB10 /* WaitingChatNavigation.swift */ = {isa = PBXFileReference; lastKnownFileType = sourcecode.swift; path = WaitingChatNavigation.swift; sourceTree = "<group>"; };
		9B90B929288742C3000CAB10 /* ChatsViewController.swift */ = {isa = PBXFileReference; lastKnownFileType = sourcecode.swift; path = ChatsViewController.swift; sourceTree = "<group>"; };
		9B98951328771841008BA3F7 /* UILabel+Extension.swift */ = {isa = PBXFileReference; lastKnownFileType = sourcecode.swift; path = "UILabel+Extension.swift"; sourceTree = "<group>"; };
		9B989515287719F9008BA3F7 /* UIImageView+Extension.swift */ = {isa = PBXFileReference; lastKnownFileType = sourcecode.swift; path = "UIImageView+Extension.swift"; sourceTree = "<group>"; };
		9B98951728771EA4008BA3F7 /* ButtonLabelView.swift */ = {isa = PBXFileReference; lastKnownFileType = sourcecode.swift; path = ButtonLabelView.swift; sourceTree = "<group>"; };
		9B9895192877373D008BA3F7 /* UIStackView+Extension.swift */ = {isa = PBXFileReference; lastKnownFileType = sourcecode.swift; path = "UIStackView+Extension.swift"; sourceTree = "<group>"; };
		9B98951B28775453008BA3F7 /* SignUpViewController.swift */ = {isa = PBXFileReference; lastKnownFileType = sourcecode.swift; path = SignUpViewController.swift; sourceTree = "<group>"; };
		9B98951E287759E5008BA3F7 /* OneLineTextField.swift */ = {isa = PBXFileReference; lastKnownFileType = sourcecode.swift; path = OneLineTextField.swift; sourceTree = "<group>"; };
		9B9FC4B8287F0AEB000396F0 /* ProfileViewController.swift */ = {isa = PBXFileReference; lastKnownFileType = sourcecode.swift; path = ProfileViewController.swift; sourceTree = "<group>"; };
		9B9FC4BA287F194B000396F0 /* CustomTextField.swift */ = {isa = PBXFileReference; lastKnownFileType = sourcecode.swift; path = CustomTextField.swift; sourceTree = "<group>"; };
		9B9FC4BC287F25B8000396F0 /* UIView+Extension.swift */ = {isa = PBXFileReference; lastKnownFileType = sourcecode.swift; path = "UIView+Extension.swift"; sourceTree = "<group>"; };
		9B9FC4BE287F4D69000396F0 /* ChatRequestViewController.swift */ = {isa = PBXFileReference; lastKnownFileType = sourcecode.swift; path = ChatRequestViewController.swift; sourceTree = "<group>"; };
		9B9FC4C0287F6505000396F0 /* GoogleService-Info.plist */ = {isa = PBXFileReference; fileEncoding = 4; lastKnownFileType = text.plist.xml; path = "GoogleService-Info.plist"; sourceTree = "<group>"; };
		9BBF7F8B2880360B00698588 /* AuthService.swift */ = {isa = PBXFileReference; lastKnownFileType = sourcecode.swift; path = AuthService.swift; sourceTree = "<group>"; };
		9BBF7F8D288064F600698588 /* Validators.swift */ = {isa = PBXFileReference; lastKnownFileType = sourcecode.swift; path = Validators.swift; sourceTree = "<group>"; };
		9BBF7F8F288068AB00698588 /* AuthError.swift */ = {isa = PBXFileReference; lastKnownFileType = sourcecode.swift; path = AuthError.swift; sourceTree = "<group>"; };
		9BBF7F922880A44200698588 /* AuthNavDelegate.swift */ = {isa = PBXFileReference; lastKnownFileType = sourcecode.swift; path = AuthNavDelegate.swift; sourceTree = "<group>"; };
		9BBF7F942880A9BE00698588 /* FireStoreService.swift */ = {isa = PBXFileReference; lastKnownFileType = sourcecode.swift; path = FireStoreService.swift; sourceTree = "<group>"; };
		9BD61F9428886C5700550C11 /* UIScrollView+Extension.swift */ = {isa = PBXFileReference; lastKnownFileType = sourcecode.swift; path = "UIScrollView+Extension.swift"; sourceTree = "<group>"; };
		9BD6887D288BF6EC00B5004D /* UIColor+Extension.swift */ = {isa = PBXFileReference; lastKnownFileType = sourcecode.swift; path = "UIColor+Extension.swift"; sourceTree = "<group>"; };
/* End PBXFileReference section */

/* Begin PBXFrameworksBuildPhase section */
		9B54CFA32875F779002D0B30 /* Frameworks */ = {
			isa = PBXFrameworksBuildPhase;
			buildActionMask = 2147483647;
			files = (
				9B765A122885CBD300F2963D /* Kingfisher in Frameworks */,
				9B765A062885C73100F2963D /* FirebaseAnalytics in Frameworks */,
				9B1437F7288453BC00AA57A0 /* GoogleSignIn in Frameworks */,
				9B90B928288741CD000CAB10 /* MessageKit in Frameworks */,
				9B765A082885C73100F2963D /* FirebaseStorage in Frameworks */,
				9B765A0C2885C73100F2963D /* FirebaseFirestore in Frameworks */,
				9B765A0A2885C73100F2963D /* FirebaseAuth in Frameworks */,
			);
			runOnlyForDeploymentPostprocessing = 0;
		};
/* End PBXFrameworksBuildPhase section */

/* Begin PBXGroup section */
		9B54CF9D2875F779002D0B30 = {
			isa = PBXGroup;
			children = (
				9B54CFA82875F779002D0B30 /* iChat */,
				9B54CFA72875F779002D0B30 /* Products */,
				E5E844FFED55BBB7D8D2F2CC /* Frameworks */,
			);
			sourceTree = "<group>";
		};
		9B54CFA72875F779002D0B30 /* Products */ = {
			isa = PBXGroup;
			children = (
				9B54CFA62875F779002D0B30 /* iChat.app */,
			);
			name = Products;
			sourceTree = "<group>";
		};
		9B54CFA82875F779002D0B30 /* iChat */ = {
			isa = PBXGroup;
			children = (
				9B568DCB287B4FB0008A5777 /* Cells */,
				9B7A78502879FB73006D9C5F /* Controllers */,
				9B54CFBF28761162002D0B30 /* Extensions */,
				9BBF7F9128806EB900698588 /* Helpers */,
				9B54CFB72875F77A002D0B30 /* Info.plist */,
				9B833E5C287D9CD1004F6E98 /* Models */,
				9B716B7B287CA6DD00BC8DE1 /* Protocols */,
				9B649E3A288C726200872F97 /* Screenshots */,
				9BBF7F8A288035F700698588 /* Services */,
			);
			path = iChat;
			sourceTree = "<group>";
		};
		9B54CFBF28761162002D0B30 /* Extensions */ = {
			isa = PBXGroup;
			children = (
				9B568DBD287B37EE008A5777 /* Bundle+Decodable.swift */,
				9B98951728771EA4008BA3F7 /* ButtonLabelView.swift */,
				9B9FC4BA287F194B000396F0 /* CustomTextField.swift */,
				9B716B77287C92CE00BC8DE1 /* GradientView.swift */,
				9B98951E287759E5008BA3F7 /* OneLineTextField.swift */,
				9B9012282878BCEF00039D2B /* PhotoView.swift */,
				9B716B7E287CADC800BC8DE1 /* SectionHeader.swift */,
				9B98951D28775934008BA3F7 /* UIKit */,
			);
			path = Extensions;
			sourceTree = "<group>";
		};
		9B568DCB287B4FB0008A5777 /* Cells */ = {
			isa = PBXGroup;
			children = (
				9B568DCC287B4FC3008A5777 /* ActiveChatCollectionViewCell.swift */,
				9B435894287DE0B30037C8D1 /* UserCollectionViewCell.swift */,
				9B716B79287CA4CC00BC8DE1 /* WaitingChatCollectionViewCell.swift */,
			);
			path = Cells;
			sourceTree = "<group>";
		};
		9B649E3A288C726200872F97 /* Screenshots */ = {
			isa = PBXGroup;
			children = (
				9B649E3B288C726200872F97 /* Screenshot10.png */,
				9B649E3C288C726200872F97 /* Screenshot04.png */,
				9B649E3D288C726200872F97 /* Screenshot05.png */,
				9B649E3E288C726200872F97 /* Screenshot11.png */,
				9B649E3F288C726200872F97 /* Screenshot07.png */,
				9B649E40288C726200872F97 /* Screenshot06.png */,
				9B649E41288C726200872F97 /* Screenshot02.png */,
				9B649E42288C726200872F97 /* Screenshot03.png */,
				9B649E43288C726200872F97 /* Screenshot01.png */,
				9B649E44288C726200872F97 /* Screenshot08.png */,
				9B649E45288C726200872F97 /* Screenshot09.png */,
			);
			path = Screenshots;
			sourceTree = "<group>";
		};
		9B716B7B287CA6DD00BC8DE1 /* Protocols */ = {
			isa = PBXGroup;
			children = (
				9BBF7F922880A44200698588 /* AuthNavDelegate.swift */,
				9B716B7C287CA6EE00BC8DE1 /* SelfConfiguringCell.swift */,
				9B90B9242886C075000CAB10 /* WaitingChatNavigation.swift */,
			);
			path = Protocols;
			sourceTree = "<group>";
		};
		9B7A784F2879FB43006D9C5F /* SignIn&Auth */ = {
			isa = PBXGroup;
			children = (
				9B54CFAD2875F779002D0B30 /* AuthViewController.swift */,
				9B90122428789FC000039D2B /* LoginViewController.swift */,
				9B9012262878B12300039D2B /* SetupProfileViewController.swift */,
				9B98951B28775453008BA3F7 /* SignUpViewController.swift */,
			);
			path = "SignIn&Auth";
			sourceTree = "<group>";
		};
		9B7A78502879FB73006D9C5F /* Controllers */ = {
			isa = PBXGroup;
			children = (
				9B9FC4BE287F4D69000396F0 /* ChatRequestViewController.swift */,
				9B90B929288742C3000CAB10 /* ChatsViewController.swift */,
				9B7A78512879FB81006D9C5F /* ListViewController.swift */,
				9B7A78532879FC01006D9C5F /* MainTabBarController.swift */,
				9B7A78552879FC7E006D9C5F /* PeopleViewController.swift */,
				9B9FC4B8287F0AEB000396F0 /* ProfileViewController.swift */,
				9B7A784F2879FB43006D9C5F /* SignIn&Auth */,
			);
			path = Controllers;
			sourceTree = "<group>";
		};
		9B833E5C287D9CD1004F6E98 /* Models */ = {
			isa = PBXGroup;
			children = (
				9B833E58287D9C15004F6E98 /* MChat.swift */,
				9B765A132885DF6400F2963D /* MMessage.swift */,
				9B833E5A287D9C43004F6E98 /* MUser.swift */,
			);
			path = Models;
			sourceTree = "<group>";
		};
		9B98951D28775934008BA3F7 /* UIKit */ = {
			isa = PBXGroup;
			children = (
				9B1437F8288472B100AA57A0 /* UIApplication+Extension.swift */,
				9B54CFBD28760C9F002D0B30 /* UIButton+Extension.swift */,
				9BD6887D288BF6EC00B5004D /* UIColor+Extension.swift */,
				9B54CFC028761173002D0B30 /* UIFont+Extension.swift */,
				9B1437FE28848CAF00AA57A0 /* UIImage+Extension.swift */,
				9B989515287719F9008BA3F7 /* UIImageView+Extension.swift */,
				9B98951328771841008BA3F7 /* UILabel+Extension.swift */,
				9BD61F9428886C5700550C11 /* UIScrollView+Extension.swift */,
				9B7A784D2879EA10006D9C5F /* UISegmentedControl+Extension.swift */,
				9B9895192877373D008BA3F7 /* UIStackView+Extension.swift */,
				9B9FC4BC287F25B8000396F0 /* UIView+Extension.swift */,
				9B435896287DE3710037C8D1 /* UIViewController+Extension.swift */,
			);
			path = UIKit;
			sourceTree = "<group>";
		};
		9BBF7F8A288035F700698588 /* Services */ = {
			isa = PBXGroup;
			children = (
				9BBF7F8B2880360B00698588 /* AuthService.swift */,
				9BBF7F942880A9BE00698588 /* FireStoreService.swift */,
				9B7659FF2885A8D300F2963D /* ListenerService.swift */,
				9B1437FC288481F400AA57A0 /* StorageService.swift */,
			);
			path = Services;
			sourceTree = "<group>";
		};
		9BBF7F9128806EB900698588 /* Helpers */ = {
			isa = PBXGroup;
			children = (
				9BBF7F8F288068AB00698588 /* AuthError.swift */,
				9B32097C2881806E00D657BF /* UserError.swift */,
				9BBF7F8D288064F600698588 /* Validators.swift */,
			);
			path = Helpers;
			sourceTree = "<group>";
		};
		E5E844FFED55BBB7D8D2F2CC /* Frameworks */ = {
			isa = PBXGroup;
			children = (
				9B54CFA92875F779002D0B30 /* AppDelegate.swift */,
				9B54CFAB2875F779002D0B30 /* SceneDelegate.swift */,
				9B54CFB22875F77A002D0B30 /* Assets.xcassets */,
				9B9FC4C0287F6505000396F0 /* GoogleService-Info.plist */,
				9B54CFB42875F77A002D0B30 /* LaunchScreen.storyboard */,
			);
			name = Frameworks;
			sourceTree = "<group>";
		};
/* End PBXGroup section */

/* Begin PBXNativeTarget section */
		9B54CFA52875F779002D0B30 /* iChat */ = {
			isa = PBXNativeTarget;
			buildConfigurationList = 9B54CFBA2875F77A002D0B30 /* Build configuration list for PBXNativeTarget "iChat" */;
			buildPhases = (
				9B54CFA22875F779002D0B30 /* Sources */,
				9B54CFA32875F779002D0B30 /* Frameworks */,
				9B54CFA42875F779002D0B30 /* Resources */,
			);
			buildRules = (
			);
			dependencies = (
			);
			name = iChat;
			packageProductDependencies = (
				9B1437F6288453BC00AA57A0 /* GoogleSignIn */,
				9B765A052885C73100F2963D /* FirebaseAnalytics */,
				9B765A072885C73100F2963D /* FirebaseStorage */,
				9B765A092885C73100F2963D /* FirebaseAuth */,
				9B765A0B2885C73100F2963D /* FirebaseFirestore */,
				9B765A112885CBD300F2963D /* Kingfisher */,
				9B90B927288741CD000CAB10 /* MessageKit */,
			);
			productName = iChat;
			productReference = 9B54CFA62875F779002D0B30 /* iChat.app */;
			productType = "com.apple.product-type.application";
		};
/* End PBXNativeTarget section */

/* Begin PBXProject section */
		9B54CF9E2875F779002D0B30 /* Project object */ = {
			isa = PBXProject;
			attributes = {
				LastSwiftUpdateCheck = 1250;
				LastUpgradeCheck = 1250;
				TargetAttributes = {
					9B54CFA52875F779002D0B30 = {
						CreatedOnToolsVersion = 12.5;
					};
				};
			};
			buildConfigurationList = 9B54CFA12875F779002D0B30 /* Build configuration list for PBXProject "iChat" */;
			compatibilityVersion = "Xcode 9.3";
			developmentRegion = en;
			hasScannedForEncodings = 0;
			knownRegions = (
				en,
				Base,
			);
			mainGroup = 9B54CF9D2875F779002D0B30;
			packageReferences = (
				9B1437F5288453BC00AA57A0 /* XCRemoteSwiftPackageReference "GoogleSignIn-iOS" */,
				9B765A042885C73100F2963D /* XCRemoteSwiftPackageReference "firebase-ios-sdk" */,
				9B765A102885CBD300F2963D /* XCRemoteSwiftPackageReference "Kingfisher" */,
				9B90B926288741CD000CAB10 /* XCRemoteSwiftPackageReference "MessageKit" */,
			);
			productRefGroup = 9B54CFA72875F779002D0B30 /* Products */;
			projectDirPath = "";
			projectRoot = "";
			targets = (
				9B54CFA52875F779002D0B30 /* iChat */,
			);
		};
/* End PBXProject section */

/* Begin PBXResourcesBuildPhase section */
		9B54CFA42875F779002D0B30 /* Resources */ = {
			isa = PBXResourcesBuildPhase;
			buildActionMask = 2147483647;
			files = (
				9B649E4A288C726200872F97 /* Screenshot07.png in Resources */,
				9B9FC4C1287F6505000396F0 /* GoogleService-Info.plist in Resources */,
				9B649E4E288C726200872F97 /* Screenshot01.png in Resources */,
				9B649E49288C726200872F97 /* Screenshot11.png in Resources */,
				9B649E50288C726200872F97 /* Screenshot09.png in Resources */,
				9B649E4C288C726200872F97 /* Screenshot02.png in Resources */,
				9B54CFB62875F77A002D0B30 /* LaunchScreen.storyboard in Resources */,
				9B649E4D288C726200872F97 /* Screenshot03.png in Resources */,
				9B649E48288C726200872F97 /* Screenshot05.png in Resources */,
				9B649E4F288C726200872F97 /* Screenshot08.png in Resources */,
				9B649E4B288C726200872F97 /* Screenshot06.png in Resources */,
				9B649E46288C726200872F97 /* Screenshot10.png in Resources */,
				9B649E47288C726200872F97 /* Screenshot04.png in Resources */,
				9B54CFB32875F77A002D0B30 /* Assets.xcassets in Resources */,
			);
			runOnlyForDeploymentPostprocessing = 0;
		};
/* End PBXResourcesBuildPhase section */

/* Begin PBXSourcesBuildPhase section */
		9B54CFA22875F779002D0B30 /* Sources */ = {
			isa = PBXSourcesBuildPhase;
			buildActionMask = 2147483647;
			files = (
				9B90122528789FC000039D2B /* LoginViewController.swift in Sources */,
				9B54CFAE2875F779002D0B30 /* AuthViewController.swift in Sources */,
				9BBF7F952880A9BE00698588 /* FireStoreService.swift in Sources */,
				9B32097D2881806E00D657BF /* UserError.swift in Sources */,
				9B9FC4BF287F4D6A000396F0 /* ChatRequestViewController.swift in Sources */,
				9BD61F9528886C5700550C11 /* UIScrollView+Extension.swift in Sources */,
				9B765A002885A8D300F2963D /* ListenerService.swift in Sources */,
				9B1437FD288481F400AA57A0 /* StorageService.swift in Sources */,
				9B90B92A288742C3000CAB10 /* ChatsViewController.swift in Sources */,
				9B54CFBE28760C9F002D0B30 /* UIButton+Extension.swift in Sources */,
				9B989516287719F9008BA3F7 /* UIImageView+Extension.swift in Sources */,
				9B435897287DE3710037C8D1 /* UIViewController+Extension.swift in Sources */,
				9B568DCD287B4FC3008A5777 /* ActiveChatCollectionViewCell.swift in Sources */,
				9B98951428771841008BA3F7 /* UILabel+Extension.swift in Sources */,
				9B435895287DE0B30037C8D1 /* UserCollectionViewCell.swift in Sources */,
				9B7A78562879FC7E006D9C5F /* PeopleViewController.swift in Sources */,
				9B98951C28775453008BA3F7 /* SignUpViewController.swift in Sources */,
				9B716B7A287CA4CC00BC8DE1 /* WaitingChatCollectionViewCell.swift in Sources */,
				9B716B7F287CADC800BC8DE1 /* SectionHeader.swift in Sources */,
				9B7A784E2879EA10006D9C5F /* UISegmentedControl+Extension.swift in Sources */,
				9B9FC4B9287F0AEB000396F0 /* ProfileViewController.swift in Sources */,
				9B9FC4BB287F194B000396F0 /* CustomTextField.swift in Sources */,
				9B7A78542879FC01006D9C5F /* MainTabBarController.swift in Sources */,
				9B716B7D287CA6EE00BC8DE1 /* SelfConfiguringCell.swift in Sources */,
				9B54CFAA2875F779002D0B30 /* AppDelegate.swift in Sources */,
				9B716B78287C92CE00BC8DE1 /* GradientView.swift in Sources */,
				9B568DBE287B37EE008A5777 /* Bundle+Decodable.swift in Sources */,
				9B98951F287759E5008BA3F7 /* OneLineTextField.swift in Sources */,
				9BBF7F932880A44200698588 /* AuthNavDelegate.swift in Sources */,
				9B1437F9288472B100AA57A0 /* UIApplication+Extension.swift in Sources */,
				9B765A142885DF6400F2963D /* MMessage.swift in Sources */,
				9B9012272878B12300039D2B /* SetupProfileViewController.swift in Sources */,
				9B833E5B287D9C43004F6E98 /* MUser.swift in Sources */,
				9B1437FF28848CAF00AA57A0 /* UIImage+Extension.swift in Sources */,
				9BD6887E288BF6EC00B5004D /* UIColor+Extension.swift in Sources */,
				9B9012292878BCEF00039D2B /* PhotoView.swift in Sources */,
				9B98951A2877373D008BA3F7 /* UIStackView+Extension.swift in Sources */,
				9BBF7F8E288064F600698588 /* Validators.swift in Sources */,
				9B54CFC128761173002D0B30 /* UIFont+Extension.swift in Sources */,
				9BBF7F8C2880360B00698588 /* AuthService.swift in Sources */,
				9B9FC4BD287F25B8000396F0 /* UIView+Extension.swift in Sources */,
				9B833E59287D9C15004F6E98 /* MChat.swift in Sources */,
				9B54CFAC2875F779002D0B30 /* SceneDelegate.swift in Sources */,
				9B7A78522879FB81006D9C5F /* ListViewController.swift in Sources */,
				9B90B9252886C075000CAB10 /* WaitingChatNavigation.swift in Sources */,
				9B98951828771EA4008BA3F7 /* ButtonLabelView.swift in Sources */,
				9BBF7F90288068AB00698588 /* AuthError.swift in Sources */,
			);
			runOnlyForDeploymentPostprocessing = 0;
		};
/* End PBXSourcesBuildPhase section */

/* Begin PBXVariantGroup section */
		9B54CFB42875F77A002D0B30 /* LaunchScreen.storyboard */ = {
			isa = PBXVariantGroup;
			children = (
				9B54CFB52875F77A002D0B30 /* Base */,
			);
			name = LaunchScreen.storyboard;
			sourceTree = "<group>";
		};
/* End PBXVariantGroup section */

/* Begin XCBuildConfiguration section */
		9B54CFB82875F77A002D0B30 /* Debug */ = {
			isa = XCBuildConfiguration;
			buildSettings = {
				ALWAYS_SEARCH_USER_PATHS = NO;
				CLANG_ALLOW_NON_MODULAR_INCLUDES_IN_FRAMEWORK_MODULES = YES;
				CLANG_ANALYZER_NONNULL = YES;
				CLANG_ANALYZER_NUMBER_OBJECT_CONVERSION = YES_AGGRESSIVE;
				CLANG_CXX_LANGUAGE_STANDARD = "gnu++14";
				CLANG_CXX_LIBRARY = "libc++";
				CLANG_ENABLE_MODULES = YES;
				CLANG_ENABLE_OBJC_ARC = YES;
				CLANG_ENABLE_OBJC_WEAK = YES;
				CLANG_WARN_BLOCK_CAPTURE_AUTORELEASING = YES;
				CLANG_WARN_BOOL_CONVERSION = YES;
				CLANG_WARN_COMMA = YES;
				CLANG_WARN_CONSTANT_CONVERSION = YES;
				CLANG_WARN_DEPRECATED_OBJC_IMPLEMENTATIONS = YES;
				CLANG_WARN_DIRECT_OBJC_ISA_USAGE = YES_ERROR;
				CLANG_WARN_DOCUMENTATION_COMMENTS = YES;
				CLANG_WARN_EMPTY_BODY = YES;
				CLANG_WARN_ENUM_CONVERSION = YES;
				CLANG_WARN_INFINITE_RECURSION = YES;
				CLANG_WARN_INT_CONVERSION = YES;
				CLANG_WARN_NON_LITERAL_NULL_CONVERSION = YES;
				CLANG_WARN_OBJC_IMPLICIT_RETAIN_SELF = YES;
				CLANG_WARN_OBJC_LITERAL_CONVERSION = YES;
				CLANG_WARN_OBJC_ROOT_CLASS = YES_ERROR;
				CLANG_WARN_QUOTED_INCLUDE_IN_FRAMEWORK_HEADER = YES;
				CLANG_WARN_RANGE_LOOP_ANALYSIS = YES;
				CLANG_WARN_STRICT_PROTOTYPES = YES;
				CLANG_WARN_SUSPICIOUS_MOVE = YES;
				CLANG_WARN_UNGUARDED_AVAILABILITY = YES_AGGRESSIVE;
				CLANG_WARN_UNREACHABLE_CODE = YES;
				CLANG_WARN__DUPLICATE_METHOD_MATCH = YES;
				COPY_PHASE_STRIP = NO;
				DEBUG_INFORMATION_FORMAT = dwarf;
				ENABLE_STRICT_OBJC_MSGSEND = YES;
				ENABLE_TESTABILITY = YES;
				GCC_C_LANGUAGE_STANDARD = gnu11;
				GCC_DYNAMIC_NO_PIC = NO;
				GCC_NO_COMMON_BLOCKS = YES;
				GCC_OPTIMIZATION_LEVEL = 0;
				GCC_PREPROCESSOR_DEFINITIONS = (
					"DEBUG=1",
					"$(inherited)",
				);
				GCC_WARN_64_TO_32_BIT_CONVERSION = YES;
				GCC_WARN_ABOUT_RETURN_TYPE = YES_ERROR;
				GCC_WARN_UNDECLARED_SELECTOR = YES;
				GCC_WARN_UNINITIALIZED_AUTOS = YES_AGGRESSIVE;
				GCC_WARN_UNUSED_FUNCTION = YES;
				GCC_WARN_UNUSED_VARIABLE = YES;
				IPHONEOS_DEPLOYMENT_TARGET = 14.5;
				MTL_ENABLE_DEBUG_INFO = INCLUDE_SOURCE;
				MTL_FAST_MATH = YES;
				ONLY_ACTIVE_ARCH = YES;
				SDKROOT = iphoneos;
				SWIFT_ACTIVE_COMPILATION_CONDITIONS = DEBUG;
				SWIFT_OPTIMIZATION_LEVEL = "-Onone";
			};
			name = Debug;
		};
		9B54CFB92875F77A002D0B30 /* Release */ = {
			isa = XCBuildConfiguration;
			buildSettings = {
				ALWAYS_SEARCH_USER_PATHS = NO;
				CLANG_ALLOW_NON_MODULAR_INCLUDES_IN_FRAMEWORK_MODULES = YES;
				CLANG_ANALYZER_NONNULL = YES;
				CLANG_ANALYZER_NUMBER_OBJECT_CONVERSION = YES_AGGRESSIVE;
				CLANG_CXX_LANGUAGE_STANDARD = "gnu++14";
				CLANG_CXX_LIBRARY = "libc++";
				CLANG_ENABLE_MODULES = YES;
				CLANG_ENABLE_OBJC_ARC = YES;
				CLANG_ENABLE_OBJC_WEAK = YES;
				CLANG_WARN_BLOCK_CAPTURE_AUTORELEASING = YES;
				CLANG_WARN_BOOL_CONVERSION = YES;
				CLANG_WARN_COMMA = YES;
				CLANG_WARN_CONSTANT_CONVERSION = YES;
				CLANG_WARN_DEPRECATED_OBJC_IMPLEMENTATIONS = YES;
				CLANG_WARN_DIRECT_OBJC_ISA_USAGE = YES_ERROR;
				CLANG_WARN_DOCUMENTATION_COMMENTS = YES;
				CLANG_WARN_EMPTY_BODY = YES;
				CLANG_WARN_ENUM_CONVERSION = YES;
				CLANG_WARN_INFINITE_RECURSION = YES;
				CLANG_WARN_INT_CONVERSION = YES;
				CLANG_WARN_NON_LITERAL_NULL_CONVERSION = YES;
				CLANG_WARN_OBJC_IMPLICIT_RETAIN_SELF = YES;
				CLANG_WARN_OBJC_LITERAL_CONVERSION = YES;
				CLANG_WARN_OBJC_ROOT_CLASS = YES_ERROR;
				CLANG_WARN_QUOTED_INCLUDE_IN_FRAMEWORK_HEADER = YES;
				CLANG_WARN_RANGE_LOOP_ANALYSIS = YES;
				CLANG_WARN_STRICT_PROTOTYPES = YES;
				CLANG_WARN_SUSPICIOUS_MOVE = YES;
				CLANG_WARN_UNGUARDED_AVAILABILITY = YES_AGGRESSIVE;
				CLANG_WARN_UNREACHABLE_CODE = YES;
				CLANG_WARN__DUPLICATE_METHOD_MATCH = YES;
				COPY_PHASE_STRIP = NO;
				DEBUG_INFORMATION_FORMAT = "dwarf-with-dsym";
				ENABLE_NS_ASSERTIONS = NO;
				ENABLE_STRICT_OBJC_MSGSEND = YES;
				GCC_C_LANGUAGE_STANDARD = gnu11;
				GCC_NO_COMMON_BLOCKS = YES;
				GCC_WARN_64_TO_32_BIT_CONVERSION = YES;
				GCC_WARN_ABOUT_RETURN_TYPE = YES_ERROR;
				GCC_WARN_UNDECLARED_SELECTOR = YES;
				GCC_WARN_UNINITIALIZED_AUTOS = YES_AGGRESSIVE;
				GCC_WARN_UNUSED_FUNCTION = YES;
				GCC_WARN_UNUSED_VARIABLE = YES;
				IPHONEOS_DEPLOYMENT_TARGET = 14.5;
				MTL_ENABLE_DEBUG_INFO = NO;
				MTL_FAST_MATH = YES;
				SDKROOT = iphoneos;
				SWIFT_COMPILATION_MODE = wholemodule;
				SWIFT_OPTIMIZATION_LEVEL = "-O";
				VALIDATE_PRODUCT = YES;
			};
			name = Release;
		};
		9B54CFBB2875F77A002D0B30 /* Debug */ = {
			isa = XCBuildConfiguration;
			buildSettings = {
				ASSETCATALOG_COMPILER_APPICON_NAME = AppIcon;
				ASSETCATALOG_COMPILER_GLOBAL_ACCENT_COLOR_NAME = AccentColor;
				CLANG_ALLOW_NON_MODULAR_INCLUDES_IN_FRAMEWORK_MODULES = YES;
				CODE_SIGN_STYLE = Automatic;
				DEVELOPMENT_TEAM = 7AG3H6Y3C5;
				INFOPLIST_FILE = iChat/Info.plist;
				LD_RUNPATH_SEARCH_PATHS = (
					"$(inherited)",
					"@executable_path/Frameworks",
				);
				PRODUCT_BUNDLE_IDENTIFIER = iChatSharapovaN.iChat;
				PRODUCT_NAME = "$(TARGET_NAME)";
				SWIFT_VERSION = 5.0;
				TARGETED_DEVICE_FAMILY = "1,2";
			};
			name = Debug;
		};
		9B54CFBC2875F77A002D0B30 /* Release */ = {
			isa = XCBuildConfiguration;
			buildSettings = {
				ASSETCATALOG_COMPILER_APPICON_NAME = AppIcon;
				ASSETCATALOG_COMPILER_GLOBAL_ACCENT_COLOR_NAME = AccentColor;
				CLANG_ALLOW_NON_MODULAR_INCLUDES_IN_FRAMEWORK_MODULES = YES;
				CODE_SIGN_STYLE = Automatic;
				DEVELOPMENT_TEAM = 7AG3H6Y3C5;
				INFOPLIST_FILE = iChat/Info.plist;
				LD_RUNPATH_SEARCH_PATHS = (
					"$(inherited)",
					"@executable_path/Frameworks",
				);
				PRODUCT_BUNDLE_IDENTIFIER = iChatSharapovaN.iChat;
				PRODUCT_NAME = "$(TARGET_NAME)";
				SWIFT_VERSION = 5.0;
				TARGETED_DEVICE_FAMILY = "1,2";
			};
			name = Release;
		};
/* End XCBuildConfiguration section */

/* Begin XCConfigurationList section */
		9B54CFA12875F779002D0B30 /* Build configuration list for PBXProject "iChat" */ = {
			isa = XCConfigurationList;
			buildConfigurations = (
				9B54CFB82875F77A002D0B30 /* Debug */,
				9B54CFB92875F77A002D0B30 /* Release */,
			);
			defaultConfigurationIsVisible = 0;
			defaultConfigurationName = Release;
		};
		9B54CFBA2875F77A002D0B30 /* Build configuration list for PBXNativeTarget "iChat" */ = {
			isa = XCConfigurationList;
			buildConfigurations = (
				9B54CFBB2875F77A002D0B30 /* Debug */,
				9B54CFBC2875F77A002D0B30 /* Release */,
			);
			defaultConfigurationIsVisible = 0;
			defaultConfigurationName = Release;
		};
/* End XCConfigurationList section */

/* Begin XCRemoteSwiftPackageReference section */
		9B1437F5288453BC00AA57A0 /* XCRemoteSwiftPackageReference "GoogleSignIn-iOS" */ = {
			isa = XCRemoteSwiftPackageReference;
			repositoryURL = "https://github.com/google/GoogleSignIn-iOS.git";
			requirement = {
				kind = upToNextMajorVersion;
				minimumVersion = 6.2.2;
			};
		};
		9B765A042885C73100F2963D /* XCRemoteSwiftPackageReference "firebase-ios-sdk" */ = {
			isa = XCRemoteSwiftPackageReference;
			repositoryURL = "https://github.com/firebase/firebase-ios-sdk.git";
			requirement = {
				kind = upToNextMajorVersion;
				minimumVersion = 9.3.0;
			};
		};
		9B765A102885CBD300F2963D /* XCRemoteSwiftPackageReference "Kingfisher" */ = {
			isa = XCRemoteSwiftPackageReference;
			repositoryURL = "https://github.com/onevcat/Kingfisher.git";
			requirement = {
				kind = upToNextMajorVersion;
				minimumVersion = 7.3.0;
			};
		};
		9B90B926288741CD000CAB10 /* XCRemoteSwiftPackageReference "MessageKit" */ = {
			isa = XCRemoteSwiftPackageReference;
			repositoryURL = "https://github.com/MessageKit/MessageKit.git";
			requirement = {
				kind = upToNextMajorVersion;
				minimumVersion = 3.7.0;
			};
		};
/* End XCRemoteSwiftPackageReference section */

/* Begin XCSwiftPackageProductDependency section */
		9B1437F6288453BC00AA57A0 /* GoogleSignIn */ = {
			isa = XCSwiftPackageProductDependency;
			package = 9B1437F5288453BC00AA57A0 /* XCRemoteSwiftPackageReference "GoogleSignIn-iOS" */;
			productName = GoogleSignIn;
		};
		9B765A052885C73100F2963D /* FirebaseAnalytics */ = {
			isa = XCSwiftPackageProductDependency;
			package = 9B765A042885C73100F2963D /* XCRemoteSwiftPackageReference "firebase-ios-sdk" */;
			productName = FirebaseAnalytics;
		};
		9B765A072885C73100F2963D /* FirebaseStorage */ = {
			isa = XCSwiftPackageProductDependency;
			package = 9B765A042885C73100F2963D /* XCRemoteSwiftPackageReference "firebase-ios-sdk" */;
			productName = FirebaseStorage;
		};
		9B765A092885C73100F2963D /* FirebaseAuth */ = {
			isa = XCSwiftPackageProductDependency;
			package = 9B765A042885C73100F2963D /* XCRemoteSwiftPackageReference "firebase-ios-sdk" */;
			productName = FirebaseAuth;
		};
		9B765A0B2885C73100F2963D /* FirebaseFirestore */ = {
			isa = XCSwiftPackageProductDependency;
			package = 9B765A042885C73100F2963D /* XCRemoteSwiftPackageReference "firebase-ios-sdk" */;
			productName = FirebaseFirestore;
		};
		9B765A112885CBD300F2963D /* Kingfisher */ = {
			isa = XCSwiftPackageProductDependency;
			package = 9B765A102885CBD300F2963D /* XCRemoteSwiftPackageReference "Kingfisher" */;
			productName = Kingfisher;
		};
		9B90B927288741CD000CAB10 /* MessageKit */ = {
			isa = XCSwiftPackageProductDependency;
			package = 9B90B926288741CD000CAB10 /* XCRemoteSwiftPackageReference "MessageKit" */;
			productName = MessageKit;
		};
/* End XCSwiftPackageProductDependency section */
	};
	rootObject = 9B54CF9E2875F779002D0B30 /* Project object */;
}
